
Microsoft Visual Studio Solution File, Format Version 12.00
# Visual Studio Version 16
VisualStudioVersion = 16.0.31019.35
MinimumVisualStudioVersion = 10.0.40219.1
Project("{FAE04EC0-301F-11D3-BF4B-00C04F79EFBC}") = "GameSalesSimulation1", "GameSalesSimulation1\GameSalesSimulation1.csproj", "{0D715E2C-27F7-456F-895F-4E356A140CAC}"
EndProject
Global
	GlobalSection(SolutionConfigurationPlatforms) = preSolution
		Debug|Any CPU = Debug|Any CPU
		Release|Any CPU = Release|Any CPU
	EndGlobalSection
	GlobalSection(ProjectConfigurationPlatforms) = postSolution
		{0D715E2C-27F7-456F-895F-4E356A140CAC}.Debug|Any CPU.ActiveCfg = Debug|Any CPU
		{0D715E2C-27F7-456F-895F-4E356A140CAC}.Debug|Any CPU.Build.0 = Debug|Any CPU
		{0D715E2C-27F7-456F-895F-4E356A140CAC}.Release|Any CPU.ActiveCfg = Release|Any CPU
		{0D715E2C-27F7-456F-895F-4E356A140CAC}.Release|Any CPU.Build.0 = Release|Any CPU
	EndGlobalSection
	GlobalSection(SolutionProperties) = preSolution
		HideSolutionNode = FALSE
	EndGlobalSection
	GlobalSection(ExtensibilityGlobals) = postSolution
		SolutionGuid = {D733C729-D69E-44A0-9F9D-6230371D73B9}
	EndGlobalSection
EndGlobal
